// !$*UTF8*$!
{
	archiveVersion = 1;
	classes = {
	};
	objectVersion = 46;
	objects = {

/* Begin PBXBuildFile section */
		BD6F47411F00FC6796BEFBA1 /* Pods_passData.framework in Frameworks */ = {isa = PBXBuildFile; fileRef = D9BA045E9A7768166AC48734 /* Pods_passData.framework */; };
		DE9F86D61EAC9CFE00C3DEDD /* AppDelegate.swift in Sources */ = {isa = PBXBuildFile; fileRef = DE9F86D51EAC9CFE00C3DEDD /* AppDelegate.swift */; };
		DE9F86D81EAC9CFE00C3DEDD /* ViewController.swift in Sources */ = {isa = PBXBuildFile; fileRef = DE9F86D71EAC9CFE00C3DEDD /* ViewController.swift */; };
		DE9F86DB1EAC9CFF00C3DEDD /* Main.storyboard in Resources */ = {isa = PBXBuildFile; fileRef = DE9F86D91EAC9CFF00C3DEDD /* Main.storyboard */; };
		DE9F86DD1EAC9CFF00C3DEDD /* Assets.xcassets in Resources */ = {isa = PBXBuildFile; fileRef = DE9F86DC1EAC9CFF00C3DEDD /* Assets.xcassets */; };
		DE9F86E01EAC9CFF00C3DEDD /* LaunchScreen.storyboard in Resources */ = {isa = PBXBuildFile; fileRef = DE9F86DE1EAC9CFF00C3DEDD /* LaunchScreen.storyboard */; };
/* End PBXBuildFile section */

/* Begin PBXFileReference section */
		26265538BCAE6351F70F684B /* Pods-passData.release.xcconfig */ = {isa = PBXFileReference; includeInIndex = 1; lastKnownFileType = text.xcconfig; name = "Pods-passData.release.xcconfig"; path = "Pods/Target Support Files/Pods-passData/Pods-passData.release.xcconfig"; sourceTree = "<group>"; };
		9D8ACE71202C8129008E1347 /* bridge-Header.h */ = {isa = PBXFileReference; lastKnownFileType = sourcecode.c.h; path = "bridge-Header.h"; sourceTree = "<group>"; };
		D238C252FDA6932FD9067D27 /* Pods-passData.debug.xcconfig */ = {isa = PBXFileReference; includeInIndex = 1; lastKnownFileType = text.xcconfig; name = "Pods-passData.debug.xcconfig"; path = "Pods/Target Support Files/Pods-passData/Pods-passData.debug.xcconfig"; sourceTree = "<group>"; };
		D9BA045E9A7768166AC48734 /* Pods_passData.framework */ = {isa = PBXFileReference; explicitFileType = wrapper.framework; includeInIndex = 0; path = Pods_passData.framework; sourceTree = BUILT_PRODUCTS_DIR; };
		DE9F86D21EAC9CFE00C3DEDD /* passData.app */ = {isa = PBXFileReference; explicitFileType = wrapper.application; includeInIndex = 0; path = passData.app; sourceTree = BUILT_PRODUCTS_DIR; };
		DE9F86D51EAC9CFE00C3DEDD /* AppDelegate.swift */ = {isa = PBXFileReference; lastKnownFileType = sourcecode.swift; path = AppDelegate.swift; sourceTree = "<group>"; };
		DE9F86D71EAC9CFE00C3DEDD /* ViewController.swift */ = {isa = PBXFileReference; lastKnownFileType = sourcecode.swift; path = ViewController.swift; sourceTree = "<group>"; };
		DE9F86DA1EAC9CFF00C3DEDD /* Base */ = {isa = PBXFileReference; lastKnownFileType = file.storyboard; name = Base; path = Base.lproj/Main.storyboard; sourceTree = "<group>"; };
		DE9F86DC1EAC9CFF00C3DEDD /* Assets.xcassets */ = {isa = PBXFileReference; lastKnownFileType = folder.assetcatalog; path = Assets.xcassets; sourceTree = "<group>"; };
		DE9F86DF1EAC9CFF00C3DEDD /* Base */ = {isa = PBXFileReference; lastKnownFileType = file.storyboard; name = Base; path = Base.lproj/LaunchScreen.storyboard; sourceTree = "<group>"; };
		DE9F86E11EAC9CFF00C3DEDD /* Info.plist */ = {isa = PBXFileReference; lastKnownFileType = text.plist.xml; path = Info.plist; sourceTree = "<group>"; };
/* End PBXFileReference section */

/* Begin PBXFrameworksBuildPhase section */
		DE9F86CF1EAC9CFE00C3DEDD /* Frameworks */ = {
			isa = PBXFrameworksBuildPhase;
			buildActionMask = 2147483647;
			files = (
				BD6F47411F00FC6796BEFBA1 /* Pods_passData.framework in Frameworks */,
			);
			runOnlyForDeploymentPostprocessing = 0;
		};
/* End PBXFrameworksBuildPhase section */

/* Begin PBXGroup section */
		01072B78967A5F23D5173EAE /* Pods */ = {
			isa = PBXGroup;
			children = (
				D238C252FDA6932FD9067D27 /* Pods-passData.debug.xcconfig */,
				26265538BCAE6351F70F684B /* Pods-passData.release.xcconfig */,
			);
			name = Pods;
			sourceTree = "<group>";
		};
		313497EBF344E42E4B9AFA08 /* Frameworks */ = {
			isa = PBXGroup;
			children = (
				D9BA045E9A7768166AC48734 /* Pods_passData.framework */,
			);
			name = Frameworks;
			sourceTree = "<group>";
		};
		DE9F86C91EAC9CFE00C3DEDD = {
			isa = PBXGroup;
			children = (
				DE9F86D41EAC9CFE00C3DEDD /* passData */,
				DE9F86D31EAC9CFE00C3DEDD /* Products */,
				01072B78967A5F23D5173EAE /* Pods */,
				313497EBF344E42E4B9AFA08 /* Frameworks */,
			);
			sourceTree = "<group>";
		};
		DE9F86D31EAC9CFE00C3DEDD /* Products */ = {
			isa = PBXGroup;
			children = (
				DE9F86D21EAC9CFE00C3DEDD /* passData.app */,
			);
			name = Products;
			sourceTree = "<group>";
		};
		DE9F86D41EAC9CFE00C3DEDD /* passData */ = {
			isa = PBXGroup;
			children = (
				DE9F86D51EAC9CFE00C3DEDD /* AppDelegate.swift */,
				DE9F86D91EAC9CFF00C3DEDD /* Main.storyboard */,
				DE9F86D71EAC9CFE00C3DEDD /* ViewController.swift */,
				DE9F86DC1EAC9CFF00C3DEDD /* Assets.xcassets */,
				DE9F86DE1EAC9CFF00C3DEDD /* LaunchScreen.storyboard */,
				DE9F86E11EAC9CFF00C3DEDD /* Info.plist */,
				9D8ACE71202C8129008E1347 /* bridge-Header.h */,
			);
			path = passData;
			sourceTree = "<group>";
		};
/* End PBXGroup section */

/* Begin PBXNativeTarget section */
		DE9F86D11EAC9CFE00C3DEDD /* passData */ = {
			isa = PBXNativeTarget;
			buildConfigurationList = DE9F86E41EAC9CFF00C3DEDD /* Build configuration list for PBXNativeTarget "passData" */;
			buildPhases = (
				929469AF3E922740E8917827 /* [CP] Check Pods Manifest.lock */,
				DE9F86CE1EAC9CFE00C3DEDD /* Sources */,
				DE9F86CF1EAC9CFE00C3DEDD /* Frameworks */,
				DE9F86D01EAC9CFE00C3DEDD /* Resources */,
				BADC738DAE8A908E7F6E7CC9 /* [CP] Embed Pods Frameworks */,
				0062C43AFA4F7993B5A0411E /* [CP] Copy Pods Resources */,
			);
			buildRules = (
			);
			dependencies = (
			);
			name = passData;
			productName = passData;
			productReference = DE9F86D21EAC9CFE00C3DEDD /* passData.app */;
			productType = "com.apple.product-type.application";
		};
/* End PBXNativeTarget section */

/* Begin PBXProject section */
		DE9F86CA1EAC9CFE00C3DEDD /* Project object */ = {
			isa = PBXProject;
			attributes = {
				LastSwiftUpdateCheck = 0830;
				LastUpgradeCheck = 0920;
				ORGANIZATIONNAME = MAGNUMIUM;
				TargetAttributes = {
					DE9F86D11EAC9CFE00C3DEDD = {
						CreatedOnToolsVersion = 8.3.2;
						LastSwiftMigration = 0920;
						ProvisioningStyle = Automatic;
					};
				};
			};
			buildConfigurationList = DE9F86CD1EAC9CFE00C3DEDD /* Build configuration list for PBXProject "passData" */;
			compatibilityVersion = "Xcode 3.2";
			developmentRegion = English;
			hasScannedForEncodings = 0;
			knownRegions = (
				en,
				Base,
			);
			mainGroup = DE9F86C91EAC9CFE00C3DEDD;
			productRefGroup = DE9F86D31EAC9CFE00C3DEDD /* Products */;
			projectDirPath = "";
			projectRoot = "";
			targets = (
				DE9F86D11EAC9CFE00C3DEDD /* passData */,
			);
		};
/* End PBXProject section */

/* Begin PBXResourcesBuildPhase section */
		DE9F86D01EAC9CFE00C3DEDD /* Resources */ = {
			isa = PBXResourcesBuildPhase;
			buildActionMask = 2147483647;
			files = (
				DE9F86E01EAC9CFF00C3DEDD /* LaunchScreen.storyboard in Resources */,
				DE9F86DD1EAC9CFF00C3DEDD /* Assets.xcassets in Resources */,
				DE9F86DB1EAC9CFF00C3DEDD /* Main.storyboard in Resources */,
			);
			runOnlyForDeploymentPostprocessing = 0;
		};
/* End PBXResourcesBuildPhase section */

/* Begin PBXShellScriptBuildPhase section */
		0062C43AFA4F7993B5A0411E /* [CP] Copy Pods Resources */ = {
			isa = PBXShellScriptBuildPhase;
			buildActionMask = 2147483647;
			files = (
			);
			inputPaths = (
			);
			name = "[CP] Copy Pods Resources";
			outputPaths = (
			);
			runOnlyForDeploymentPostprocessing = 0;
			shellPath = /bin/sh;
			shellScript = "\"${SRCROOT}/Pods/Target Support Files/Pods-passData/Pods-passData-resources.sh\"\n";
			showEnvVarsInLog = 0;
		};
		929469AF3E922740E8917827 /* [CP] Check Pods Manifest.lock */ = {
			isa = PBXShellScriptBuildPhase;
			buildActionMask = 2147483647;
			files = (
			);
			inputPaths = (
				"${PODS_PODFILE_DIR_PATH}/Podfile.lock",
				"${PODS_ROOT}/Manifest.lock",
			);
			name = "[CP] Check Pods Manifest.lock";
			outputPaths = (
				"$(DERIVED_FILE_DIR)/Pods-passData-checkManifestLockResult.txt",
			);
			runOnlyForDeploymentPostprocessing = 0;
			shellPath = /bin/sh;
			shellScript = "diff \"${PODS_PODFILE_DIR_PATH}/Podfile.lock\" \"${PODS_ROOT}/Manifest.lock\" > /dev/null\nif [ $? != 0 ] ; then\n    # print error to STDERR\n    echo \"error: The sandbox is not in sync with the Podfile.lock. Run 'pod install' or update your CocoaPods installation.\" >&2\n    exit 1\nfi\n# This output is used by Xcode 'outputs' to avoid re-running this script phase.\necho \"SUCCESS\" > \"${SCRIPT_OUTPUT_FILE_0}\"\n";
			showEnvVarsInLog = 0;
		};
		BADC738DAE8A908E7F6E7CC9 /* [CP] Embed Pods Frameworks */ = {
			isa = PBXShellScriptBuildPhase;
			buildActionMask = 2147483647;
			files = (
			);
			inputPaths = (
				"${SRCROOT}/Pods/Target Support Files/Pods-passData/Pods-passData-frameworks.sh",
				"${BUILT_PRODUCTS_DIR}/CommonCrypto/CommonCrypto.framework",
				"${BUILT_PRODUCTS_DIR}/CryptoSwift/CryptoSwift.framework",
				"${BUILT_PRODUCTS_DIR}/RNCryptor/RNCryptor.framework",
				"${BUILT_PRODUCTS_DIR}/SwiftHash/SwiftHash.framework",
			);
			name = "[CP] Embed Pods Frameworks";
			outputPaths = (
				"${TARGET_BUILD_DIR}/${FRAMEWORKS_FOLDER_PATH}/CommonCrypto.framework",
				"${TARGET_BUILD_DIR}/${FRAMEWORKS_FOLDER_PATH}/CryptoSwift.framework",
				"${TARGET_BUILD_DIR}/${FRAMEWORKS_FOLDER_PATH}/RNCryptor.framework",
				"${TARGET_BUILD_DIR}/${FRAMEWORKS_FOLDER_PATH}/SwiftHash.framework",
			);
			runOnlyForDeploymentPostprocessing = 0;
			shellPath = /bin/sh;
			shellScript = "\"${SRCROOT}/Pods/Target Support Files/Pods-passData/Pods-passData-frameworks.sh\"\n";
			showEnvVarsInLog = 0;
		};
/* End PBXShellScriptBuildPhase section */

/* Begin PBXSourcesBuildPhase section */
		DE9F86CE1EAC9CFE00C3DEDD /* Sources */ = {
			isa = PBXSourcesBuildPhase;
			buildActionMask = 2147483647;
			files = (
				DE9F86D81EAC9CFE00C3DEDD /* ViewController.swift in Sources */,
				DE9F86D61EAC9CFE00C3DEDD /* AppDelegate.swift in Sources */,
			);
			runOnlyForDeploymentPostprocessing = 0;
		};
/* End PBXSourcesBuildPhase section */

/* Begin PBXVariantGroup section */
		DE9F86D91EAC9CFF00C3DEDD /* Main.storyboard */ = {
			isa = PBXVariantGroup;
			children = (
				DE9F86DA1EAC9CFF00C3DEDD /* Base */,
			);
			name = Main.storyboard;
			sourceTree = "<group>";
		};
		DE9F86DE1EAC9CFF00C3DEDD /* LaunchScreen.storyboard */ = {
			isa = PBXVariantGroup;
			children = (
				DE9F86DF1EAC9CFF00C3DEDD /* Base */,
			);
			name = LaunchScreen.storyboard;
			sourceTree = "<group>";
		};
/* End PBXVariantGroup section */

/* Begin XCBuildConfiguration section */
		DE9F86E21EAC9CFF00C3DEDD /* Debug */ = {
			isa = XCBuildConfiguration;
			buildSettings = {
				ALWAYS_SEARCH_USER_PATHS = NO;
				CLANG_ANALYZER_NONNULL = YES;
				CLANG_ANALYZER_NUMBER_OBJECT_CONVERSION = YES_AGGRESSIVE;
				CLANG_CXX_LANGUAGE_STANDARD = "gnu++0x";
				CLANG_CXX_LIBRARY = "libc++";
				CLANG_ENABLE_MODULES = YES;
				CLANG_ENABLE_OBJC_ARC = YES;
				CLANG_WARN_BLOCK_CAPTURE_AUTORELEASING = YES;
				CLANG_WARN_BOOL_CONVERSION = YES;
				CLANG_WARN_COMMA = YES;
				CLANG_WARN_CONSTANT_CONVERSION = YES;
				CLANG_WARN_DIRECT_OBJC_ISA_USAGE = YES_ERROR;
				CLANG_WARN_DOCUMENTATION_COMMENTS = YES;
				CLANG_WARN_EMPTY_BODY = YES;
				CLANG_WARN_ENUM_CONVERSION = YES;
				CLANG_WARN_INFINITE_RECURSION = YES;
				CLANG_WARN_INT_CONVERSION = YES;
				CLANG_WARN_NON_LITERAL_NULL_CONVERSION = YES;
				CLANG_WARN_OBJC_LITERAL_CONVERSION = YES;
				CLANG_WARN_OBJC_ROOT_CLASS = YES_ERROR;
				CLANG_WARN_RANGE_LOOP_ANALYSIS = YES;
				CLANG_WARN_STRICT_PROTOTYPES = YES;
				CLANG_WARN_SUSPICIOUS_MOVE = YES;
				CLANG_WARN_UNREACHABLE_CODE = YES;
				CLANG_WARN__DUPLICATE_METHOD_MATCH = YES;
				"CODE_SIGN_IDENTITY[sdk=iphoneos*]" = "iPhone Developer";
				COPY_PHASE_STRIP = NO;
				DEBUG_INFORMATION_FORMAT = dwarf;
				ENABLE_STRICT_OBJC_MSGSEND = YES;
				ENABLE_TESTABILITY = YES;
				GCC_C_LANGUAGE_STANDARD = gnu99;
				GCC_DYNAMIC_NO_PIC = NO;
				GCC_NO_COMMON_BLOCKS = YES;
				GCC_OPTIMIZATION_LEVEL = 0;
				GCC_PREPROCESSOR_DEFINITIONS = (
					"DEBUG=1",
					"$(inherited)",
				);
				GCC_WARN_64_TO_32_BIT_CONVERSION = YES;
				GCC_WARN_ABOUT_RETURN_TYPE = YES_ERROR;
				GCC_WARN_UNDECLARED_SELECTOR = YES;
				GCC_WARN_UNINITIALIZED_AUTOS = YES_AGGRESSIVE;
				GCC_WARN_UNUSED_FUNCTION = YES;
				GCC_WARN_UNUSED_VARIABLE = YES;
				IPHONEOS_DEPLOYMENT_TARGET = 10.3;
				MTL_ENABLE_DEBUG_INFO = YES;
				ONLY_ACTIVE_ARCH = YES;
				SDKROOT = iphoneos;
				SWIFT_ACTIVE_COMPILATION_CONDITIONS = DEBUG;
				SWIFT_OPTIMIZATION_LEVEL = "-Onone";
			};
			name = Debug;
		};
		DE9F86E31EAC9CFF00C3DEDD /* Release */ = {
			isa = XCBuildConfiguration;
			buildSettings = {
				ALWAYS_SEARCH_USER_PATHS = NO;
				CLANG_ANALYZER_NONNULL = YES;
				CLANG_ANALYZER_NUMBER_OBJECT_CONVERSION = YES_AGGRESSIVE;
				CLANG_CXX_LANGUAGE_STANDARD = "gnu++0x";
				CLANG_CXX_LIBRARY = "libc++";
				CLANG_ENABLE_MODULES = YES;
				CLANG_ENABLE_OBJC_ARC = YES;
				CLANG_WARN_BLOCK_CAPTURE_AUTORELEASING = YES;
				CLANG_WARN_BOOL_CONVERSION = YES;
				CLANG_WARN_COMMA = YES;
				CLANG_WARN_CONSTANT_CONVERSION = YES;
				CLANG_WARN_DIRECT_OBJC_ISA_USAGE = YES_ERROR;
				CLANG_WARN_DOCUMENTATION_COMMENTS = YES;
				CLANG_WARN_EMPTY_BODY = YES;
				CLANG_WARN_ENUM_CONVERSION = YES;
				CLANG_WARN_INFINITE_RECURSION = YES;
				CLANG_WARN_INT_CONVERSION = YES;
				CLANG_WARN_NON_LITERAL_NULL_CONVERSION = YES;
				CLANG_WARN_OBJC_LITERAL_CONVERSION = YES;
				CLANG_WARN_OBJC_ROOT_CLASS = YES_ERROR;
				CLANG_WARN_RANGE_LOOP_ANALYSIS = YES;
				CLANG_WARN_STRICT_PROTOTYPES = YES;
				CLANG_WARN_SUSPICIOUS_MOVE = YES;
				CLANG_WARN_UNREACHABLE_CODE = YES;
				CLANG_WARN__DUPLICATE_METHOD_MATCH = YES;
				"CODE_SIGN_IDENTITY[sdk=iphoneos*]" = "iPhone Developer";
				COPY_PHASE_STRIP = NO;
				DEBUG_INFORMATION_FORMAT = "dwarf-with-dsym";
				ENABLE_NS_ASSERTIONS = NO;
				ENABLE_STRICT_OBJC_MSGSEND = YES;
				GCC_C_LANGUAGE_STANDARD = gnu99;
				GCC_NO_COMMON_BLOCKS = YES;
				GCC_WARN_64_TO_32_BIT_CONVERSION = YES;
				GCC_WARN_ABOUT_RETURN_TYPE = YES_ERROR;
				GCC_WARN_UNDECLARED_SELECTOR = YES;
				GCC_WARN_UNINITIALIZED_AUTOS = YES_AGGRESSIVE;
				GCC_WARN_UNUSED_FUNCTION = YES;
				GCC_WARN_UNUSED_VARIABLE = YES;
				IPHONEOS_DEPLOYMENT_TARGET = 10.3;
				MTL_ENABLE_DEBUG_INFO = NO;
				SDKROOT = iphoneos;
				SWIFT_OPTIMIZATION_LEVEL = "-Owholemodule";
				VALIDATE_PRODUCT = YES;
			};
			name = Release;
		};
		DE9F86E51EAC9CFF00C3DEDD /* Debug */ = {
			isa = XCBuildConfiguration;
			baseConfigurationReference = D238C252FDA6932FD9067D27 /* Pods-passData.debug.xcconfig */;
			buildSettings = {
				ASSETCATALOG_COMPILER_APPICON_NAME = AppIcon;
				DEVELOPMENT_TEAM = "";
				INFOPLIST_FILE = passData/Info.plist;
				LD_RUNPATH_SEARCH_PATHS = "$(inherited) @executable_path/Frameworks";
				PRODUCT_BUNDLE_IDENTIFIER = com.magnumium.passData;
				PRODUCT_NAME = "$(TARGET_NAME)";
				SWIFT_SWIFT3_OBJC_INFERENCE = On;
				SWIFT_VERSION = 4.0;
			};
			name = Debug;
		};
		DE9F86E61EAC9CFF00C3DEDD /* Release */ = {
			isa = XCBuildConfiguration;
			baseConfigurationReference = 26265538BCAE6351F70F684B /* Pods-passData.release.xcconfig */;
			buildSettings = {
				ASSETCATALOG_COMPILER_APPICON_NAME = AppIcon;
				DEVELOPMENT_TEAM = "";
				INFOPLIST_FILE = passData/Info.plist;
				LD_RUNPATH_SEARCH_PATHS = "$(inherited) @executable_path/Frameworks";
				PRODUCT_BUNDLE_IDENTIFIER = com.magnumium.passData;
				PRODUCT_NAME = "$(TARGET_NAME)";
				SWIFT_SWIFT3_OBJC_INFERENCE = On;
				SWIFT_VERSION = 4.0;
			};
			name = Release;
		};
/* End XCBuildConfiguration section */

/* Begin XCConfigurationList section */
		DE9F86CD1EAC9CFE00C3DEDD /* Build configuration list for PBXProject "passData" */ = {
			isa = XCConfigurationList;
			buildConfigurations = (
				DE9F86E21EAC9CFF00C3DEDD /* Debug */,
				DE9F86E31EAC9CFF00C3DEDD /* Release */,
			);
			defaultConfigurationIsVisible = 0;
			defaultConfigurationName = Release;
		};
		DE9F86E41EAC9CFF00C3DEDD /* Build configuration list for PBXNativeTarget "passData" */ = {
			isa = XCConfigurationList;
			buildConfigurations = (
				DE9F86E51EAC9CFF00C3DEDD /* Debug */,
				DE9F86E61EAC9CFF00C3DEDD /* Release */,
			);
			defaultConfigurationIsVisible = 0;
			defaultConfigurationName = Release;
		};
/* End XCConfigurationList section */
	};
	rootObject = DE9F86CA1EAC9CFE00C3DEDD /* Project object */;
}
